
Microsoft Visual Studio Solution File, Format Version 12.00
# Visual Studio Version 17
VisualStudioVersion = 17.9.34622.214
MinimumVisualStudioVersion = 10.0.40219.1
Project("{FAE04EC0-301F-11D3-BF4B-00C04F79EFBC}") = "HospitalTrackingApp", "HospitalTrackingApp.csproj", "{08140E7F-F676-431F-B3C8-46CCD1237944}"
EndProject
Global
	GlobalSection(SolutionConfigurationPlatforms) = preSolution
		Debug|Any CPU = Debug|Any CPU
		Release|Any CPU = Release|Any CPU
	EndGlobalSection
	GlobalSection(ProjectConfigurationPlatforms) = postSolution
		{08140E7F-F676-431F-B3C8-46CCD1237944}.Debug|Any CPU.ActiveCfg = Debug|Any CPU
		{08140E7F-F676-431F-B3C8-46CCD1237944}.Debug|Any CPU.Build.0 = Debug|Any CPU
		{08140E7F-F676-431F-B3C8-46CCD1237944}.Release|Any CPU.ActiveCfg = Release|Any CPU
		{08140E7F-F676-431F-B3C8-46CCD1237944}.Release|Any CPU.Build.0 = Release|Any CPU
	EndGlobalSection
	GlobalSection(SolutionProperties) = preSolution
		HideSolutionNode = FALSE
	EndGlobalSection
	GlobalSection(ExtensibilityGlobals) = postSolution
		SolutionGuid = {C6931642-D569-4FC9-9AE0-0480C469ECD4}
	EndGlobalSection
EndGlobal
